
Microsoft Visual Studio Solution File, Format Version 12.00
# Visual Studio Version 16
VisualStudioVersion = 16.0.30011.22
MinimumVisualStudioVersion = 10.0.40219.1
Project("{9A19103F-16F7-4668-BE54-9A1E7A4F7556}") = "ChessGame", "ChessGame\ChessGame.csproj", "{B97CF6F9-4ADA-42DE-B689-CC73672C8A14}"
EndProject
Project("{FAE04EC0-301F-11D3-BF4B-00C04F79EFBC}") = "ChessLibrary", "ChessLibrary\ChessLibrary.csproj", "{227B954A-49DD-4FF0-B04E-51F24FA483AA}"
EndProject
Global
	GlobalSection(SolutionConfigurationPlatforms) = preSolution
		Debug|Any CPU = Debug|Any CPU
		Release|Any CPU = Release|Any CPU
	EndGlobalSection
	GlobalSection(ProjectConfigurationPlatforms) = postSolution
		{B97CF6F9-4ADA-42DE-B689-CC73672C8A14}.Debug|Any CPU.ActiveCfg = Debug|Any CPU
		{B97CF6F9-4ADA-42DE-B689-CC73672C8A14}.Debug|Any CPU.Build.0 = Debug|Any CPU
		{B97CF6F9-4ADA-42DE-B689-CC73672C8A14}.Release|Any CPU.ActiveCfg = Release|Any CPU
		{B97CF6F9-4ADA-42DE-B689-CC73672C8A14}.Release|Any CPU.Build.0 = Release|Any CPU
		{227B954A-49DD-4FF0-B04E-51F24FA483AA}.Debug|Any CPU.ActiveCfg = Debug|Any CPU
		{227B954A-49DD-4FF0-B04E-51F24FA483AA}.Debug|Any CPU.Build.0 = Debug|Any CPU
		{227B954A-49DD-4FF0-B04E-51F24FA483AA}.Release|Any CPU.ActiveCfg = Release|Any CPU
		{227B954A-49DD-4FF0-B04E-51F24FA483AA}.Release|Any CPU.Build.0 = Release|Any CPU
	EndGlobalSection
	GlobalSection(SolutionProperties) = preSolution
		HideSolutionNode = FALSE
	EndGlobalSection
	GlobalSection(ExtensibilityGlobals) = postSolution
		SolutionGuid = {C1784E3A-8505-4B92-A9C6-11359B500083}
	EndGlobalSection
EndGlobal
